
Microsoft Visual Studio Solution File, Format Version 12.00
# Visual Studio Version 17
VisualStudioVersion = 17.12.35527.113
MinimumVisualStudioVersion = 10.0.40219.1
Project("{FAE04EC0-301F-11D3-BF4B-00C04F79EFBC}") = "Route-Fare-Management.API", "Route-Fare-Management.API\Route-Fare-Management.API.csproj", "{1ACAEF41-5A12-477E-9526-CDE4D715E2D8}"
EndProject
Project("{FAE04EC0-301F-11D3-BF4B-00C04F79EFBC}") = "Route-Fare-Management.Application", "Route-Fare-Management.Application\Route-Fare-Management.Application.csproj", "{4EA963E4-C6DD-4D2A-AF56-EE5DAB231C1C}"
EndProject
Project("{FAE04EC0-301F-11D3-BF4B-00C04F79EFBC}") = "Route-Fare-Management.Domain", "Route-Fare-Management.Domain\Route-Fare-Management.Domain.csproj", "{98352F59-00BB-4EBC-8198-2E92978FD8C0}"
EndProject
Project("{FAE04EC0-301F-11D3-BF4B-00C04F79EFBC}") = "Route-Fare-Management.Infrastructure", "Route-Fare-Management.Infrastructure\Route-Fare-Management.Infrastructure.csproj", "{8AF61051-DDC8-473C-9712-62CBCA1E0B10}"
EndProject
Project("{FAE04EC0-301F-11D3-BF4B-00C04F79EFBC}") = "SignalRListener", "SignalRListener\SignalRListener.csproj", "{797DD8BA-B6CE-4341-BD98-D39A039ED769}"
EndProject
Global
	GlobalSection(SolutionConfigurationPlatforms) = preSolution
		Debug|Any CPU = Debug|Any CPU
		Release|Any CPU = Release|Any CPU
	EndGlobalSection
	GlobalSection(ProjectConfigurationPlatforms) = postSolution
		{1ACAEF41-5A12-477E-9526-CDE4D715E2D8}.Debug|Any CPU.ActiveCfg = Debug|Any CPU
		{1ACAEF41-5A12-477E-9526-CDE4D715E2D8}.Debug|Any CPU.Build.0 = Debug|Any CPU
		{1ACAEF41-5A12-477E-9526-CDE4D715E2D8}.Release|Any CPU.ActiveCfg = Release|Any CPU
		{1ACAEF41-5A12-477E-9526-CDE4D715E2D8}.Release|Any CPU.Build.0 = Release|Any CPU
		{4EA963E4-C6DD-4D2A-AF56-EE5DAB231C1C}.Debug|Any CPU.ActiveCfg = Debug|Any CPU
		{4EA963E4-C6DD-4D2A-AF56-EE5DAB231C1C}.Debug|Any CPU.Build.0 = Debug|Any CPU
		{4EA963E4-C6DD-4D2A-AF56-EE5DAB231C1C}.Release|Any CPU.ActiveCfg = Release|Any CPU
		{4EA963E4-C6DD-4D2A-AF56-EE5DAB231C1C}.Release|Any CPU.Build.0 = Release|Any CPU
		{98352F59-00BB-4EBC-8198-2E92978FD8C0}.Debug|Any CPU.ActiveCfg = Debug|Any CPU
		{98352F59-00BB-4EBC-8198-2E92978FD8C0}.Debug|Any CPU.Build.0 = Debug|Any CPU
		{98352F59-00BB-4EBC-8198-2E92978FD8C0}.Release|Any CPU.ActiveCfg = Release|Any CPU
		{98352F59-00BB-4EBC-8198-2E92978FD8C0}.Release|Any CPU.Build.0 = Release|Any CPU
		{8AF61051-DDC8-473C-9712-62CBCA1E0B10}.Debug|Any CPU.ActiveCfg = Debug|Any CPU
		{8AF61051-DDC8-473C-9712-62CBCA1E0B10}.Debug|Any CPU.Build.0 = Debug|Any CPU
		{8AF61051-DDC8-473C-9712-62CBCA1E0B10}.Release|Any CPU.ActiveCfg = Release|Any CPU
		{8AF61051-DDC8-473C-9712-62CBCA1E0B10}.Release|Any CPU.Build.0 = Release|Any CPU
		{797DD8BA-B6CE-4341-BD98-D39A039ED769}.Debug|Any CPU.ActiveCfg = Debug|Any CPU
		{797DD8BA-B6CE-4341-BD98-D39A039ED769}.Debug|Any CPU.Build.0 = Debug|Any CPU
		{797DD8BA-B6CE-4341-BD98-D39A039ED769}.Release|Any CPU.ActiveCfg = Release|Any CPU
		{797DD8BA-B6CE-4341-BD98-D39A039ED769}.Release|Any CPU.Build.0 = Release|Any CPU
	EndGlobalSection
	GlobalSection(SolutionProperties) = preSolution
		HideSolutionNode = FALSE
	EndGlobalSection
EndGlobal
